# This file is automatically @generated by Cargo.
# It is not intended for manual editing.
version = 4

[[package]]
name = "keli-cli"
version = "0.1.0"
dependencies = [
 "keli-client-core",
 "keli-net-core",
 "keli-platform",
 "keli-protocol",
]

[[package]]
name = "keli-client-core"
version = "0.1.0"

[[package]]
name = "keli-net-core"
version = "0.1.0"
dependencies = [
 "keli-protocol",
]

[[package]]
name = "keli-platform"
version = "0.1.0"

[[package]]
name = "keli-protocol"
version = "0.1.0"
